
Microsoft Visual Studio Solution File, Format Version 12.00
Project("{FAE04EC0-301F-11D3-BF4B-00C04F79EFBC}") = "Api", "Api\Api.csproj", "{753B87D8-BE02-4269-99DE-F0550721C26E}"
EndProject
Project("{FAE04EC0-301F-11D3-BF4B-00C04F79EFBC}") = "Domain", "Domain\Domain.csproj", "{D6FA93F4-8EF4-42BF-AD6B-BD7AE7543770}"
EndProject
Project("{FAE04EC0-301F-11D3-BF4B-00C04F79EFBC}") = "Service", "Service\Service.csproj", "{EE0718B7-1355-4123-A0CB-1AAA9DD5B896}"
EndProject
Project("{FAE04EC0-301F-11D3-BF4B-00C04F79EFBC}") = "Models", "Models\Models.csproj", "{2E83292C-932F-48AA-841F-0B95290B786B}"
EndProject
Project("{FAE04EC0-301F-11D3-BF4B-00C04F79EFBC}") = "DataAccess", "DataAccess\DataAccess.csproj", "{45CED98A-931B-4824-B2C4-63A6E07ED904}"
EndProject
Global
	GlobalSection(SolutionConfigurationPlatforms) = preSolution
		Debug|Any CPU = Debug|Any CPU
		Release|Any CPU = Release|Any CPU
	EndGlobalSection
	GlobalSection(ProjectConfigurationPlatforms) = postSolution
		{753B87D8-BE02-4269-99DE-F0550721C26E}.Debug|Any CPU.ActiveCfg = Debug|Any CPU
		{753B87D8-BE02-4269-99DE-F0550721C26E}.Debug|Any CPU.Build.0 = Debug|Any CPU
		{753B87D8-BE02-4269-99DE-F0550721C26E}.Release|Any CPU.ActiveCfg = Release|Any CPU
		{753B87D8-BE02-4269-99DE-F0550721C26E}.Release|Any CPU.Build.0 = Release|Any CPU
		{D6FA93F4-8EF4-42BF-AD6B-BD7AE7543770}.Debug|Any CPU.ActiveCfg = Debug|Any CPU
		{D6FA93F4-8EF4-42BF-AD6B-BD7AE7543770}.Debug|Any CPU.Build.0 = Debug|Any CPU
		{D6FA93F4-8EF4-42BF-AD6B-BD7AE7543770}.Release|Any CPU.ActiveCfg = Release|Any CPU
		{D6FA93F4-8EF4-42BF-AD6B-BD7AE7543770}.Release|Any CPU.Build.0 = Release|Any CPU
		{EE0718B7-1355-4123-A0CB-1AAA9DD5B896}.Debug|Any CPU.ActiveCfg = Debug|Any CPU
		{EE0718B7-1355-4123-A0CB-1AAA9DD5B896}.Debug|Any CPU.Build.0 = Debug|Any CPU
		{EE0718B7-1355-4123-A0CB-1AAA9DD5B896}.Release|Any CPU.ActiveCfg = Release|Any CPU
		{EE0718B7-1355-4123-A0CB-1AAA9DD5B896}.Release|Any CPU.Build.0 = Release|Any CPU
		{2E83292C-932F-48AA-841F-0B95290B786B}.Debug|Any CPU.ActiveCfg = Debug|Any CPU
		{2E83292C-932F-48AA-841F-0B95290B786B}.Debug|Any CPU.Build.0 = Debug|Any CPU
		{2E83292C-932F-48AA-841F-0B95290B786B}.Release|Any CPU.ActiveCfg = Release|Any CPU
		{2E83292C-932F-48AA-841F-0B95290B786B}.Release|Any CPU.Build.0 = Release|Any CPU
		{45CED98A-931B-4824-B2C4-63A6E07ED904}.Debug|Any CPU.ActiveCfg = Debug|Any CPU
		{45CED98A-931B-4824-B2C4-63A6E07ED904}.Debug|Any CPU.Build.0 = Debug|Any CPU
		{45CED98A-931B-4824-B2C4-63A6E07ED904}.Release|Any CPU.ActiveCfg = Release|Any CPU
		{45CED98A-931B-4824-B2C4-63A6E07ED904}.Release|Any CPU.Build.0 = Release|Any CPU
	EndGlobalSection
	GlobalSection(NestedProjects) = preSolution
	EndGlobalSection
EndGlobal
